// !$*UTF8*$!
{
	archiveVersion = 1;
	classes = {
	};
	objectVersion = 52;
	objects = {

/* Begin PBXBuildFile section */
		4388B89E267F263500F24384 /* NewsApp.swift in Sources */ = {isa = PBXBuildFile; fileRef = 4388B89D267F263500F24384 /* NewsApp.swift */; };
		4388B8A0267F263500F24384 /* ContentView.swift in Sources */ = {isa = PBXBuildFile; fileRef = 4388B89F267F263500F24384 /* ContentView.swift */; };
		4388B8A2267F263500F24384 /* Assets.xcassets in Resources */ = {isa = PBXBuildFile; fileRef = 4388B8A1267F263500F24384 /* Assets.xcassets */; };
		4388B8A5267F263500F24384 /* Preview Assets.xcassets in Resources */ = {isa = PBXBuildFile; fileRef = 4388B8A4267F263500F24384 /* Preview Assets.xcassets */; };
		4388B8B0267F263500F24384 /* NewsTests.swift in Sources */ = {isa = PBXBuildFile; fileRef = 4388B8AF267F263500F24384 /* NewsTests.swift */; };
		4388B8BB267F263600F24384 /* NewsUITests.swift in Sources */ = {isa = PBXBuildFile; fileRef = 4388B8BA267F263600F24384 /* NewsUITests.swift */; };
		43A4DB18268011AB00869C0A /* NewsViewModel.swift in Sources */ = {isa = PBXBuildFile; fileRef = 43A4DB17268011AB00869C0A /* NewsViewModel.swift */; };
		43A4DB1D268022BC00869C0A /* URLImageStore in Frameworks */ = {isa = PBXBuildFile; productRef = 43A4DB1C268022BC00869C0A /* URLImageStore */; };
		43A4DB1F268022BC00869C0A /* URLImage in Frameworks */ = {isa = PBXBuildFile; productRef = 43A4DB1E268022BC00869C0A /* URLImage */; };
		43A4DB212680392000869C0A /* GetImage.swift in Sources */ = {isa = PBXBuildFile; fileRef = 43A4DB202680392000869C0A /* GetImage.swift */; };
		43A4DB232680693200869C0A /* NewsModel.swift in Sources */ = {isa = PBXBuildFile; fileRef = 43A4DB222680693200869C0A /* NewsModel.swift */; };
		43A4DB2A2681614C00869C0A /* Localizable.strings in Resources */ = {isa = PBXBuildFile; fileRef = 43A4DB2C2681614C00869C0A /* Localizable.strings */; };
/* End PBXBuildFile section */

/* Begin PBXContainerItemProxy section */
		4388B8AC267F263500F24384 /* PBXContainerItemProxy */ = {
			isa = PBXContainerItemProxy;
			containerPortal = 4388B892267F263500F24384 /* Project object */;
			proxyType = 1;
			remoteGlobalIDString = 4388B899267F263500F24384;
			remoteInfo = News;
		};
		4388B8B7267F263600F24384 /* PBXContainerItemProxy */ = {
			isa = PBXContainerItemProxy;
			containerPortal = 4388B892267F263500F24384 /* Project object */;
			proxyType = 1;
			remoteGlobalIDString = 4388B899267F263500F24384;
			remoteInfo = News;
		};
/* End PBXContainerItemProxy section */

/* Begin PBXFileReference section */
		4388B89A267F263500F24384 /* News.app */ = {isa = PBXFileReference; explicitFileType = wrapper.application; includeInIndex = 0; path = News.app; sourceTree = BUILT_PRODUCTS_DIR; };
		4388B89D267F263500F24384 /* NewsApp.swift */ = {isa = PBXFileReference; lastKnownFileType = sourcecode.swift; path = NewsApp.swift; sourceTree = "<group>"; };
		4388B89F267F263500F24384 /* ContentView.swift */ = {isa = PBXFileReference; lastKnownFileType = sourcecode.swift; path = ContentView.swift; sourceTree = "<group>"; };
		4388B8A1267F263500F24384 /* Assets.xcassets */ = {isa = PBXFileReference; lastKnownFileType = folder.assetcatalog; path = Assets.xcassets; sourceTree = "<group>"; };
		4388B8A4267F263500F24384 /* Preview Assets.xcassets */ = {isa = PBXFileReference; lastKnownFileType = folder.assetcatalog; path = "Preview Assets.xcassets"; sourceTree = "<group>"; };
		4388B8A6267F263500F24384 /* Info.plist */ = {isa = PBXFileReference; lastKnownFileType = text.plist.xml; path = Info.plist; sourceTree = "<group>"; };
		4388B8AB267F263500F24384 /* NewsTests.xctest */ = {isa = PBXFileReference; explicitFileType = wrapper.cfbundle; includeInIndex = 0; path = NewsTests.xctest; sourceTree = BUILT_PRODUCTS_DIR; };
		4388B8AF267F263500F24384 /* NewsTests.swift */ = {isa = PBXFileReference; lastKnownFileType = sourcecode.swift; path = NewsTests.swift; sourceTree = "<group>"; };
		4388B8B1267F263500F24384 /* Info.plist */ = {isa = PBXFileReference; lastKnownFileType = text.plist.xml; path = Info.plist; sourceTree = "<group>"; };
		4388B8B6267F263600F24384 /* NewsUITests.xctest */ = {isa = PBXFileReference; explicitFileType = wrapper.cfbundle; includeInIndex = 0; path = NewsUITests.xctest; sourceTree = BUILT_PRODUCTS_DIR; };
		4388B8BA267F263600F24384 /* NewsUITests.swift */ = {isa = PBXFileReference; lastKnownFileType = sourcecode.swift; path = NewsUITests.swift; sourceTree = "<group>"; };
		4388B8BC267F263600F24384 /* Info.plist */ = {isa = PBXFileReference; lastKnownFileType = text.plist.xml; path = Info.plist; sourceTree = "<group>"; };
		43A4DB17268011AB00869C0A /* NewsViewModel.swift */ = {isa = PBXFileReference; lastKnownFileType = sourcecode.swift; path = NewsViewModel.swift; sourceTree = "<group>"; };
		43A4DB202680392000869C0A /* GetImage.swift */ = {isa = PBXFileReference; lastKnownFileType = sourcecode.swift; path = GetImage.swift; sourceTree = "<group>"; };
		43A4DB222680693200869C0A /* NewsModel.swift */ = {isa = PBXFileReference; lastKnownFileType = sourcecode.swift; path = NewsModel.swift; sourceTree = "<group>"; };
		43A4DB2B2681614C00869C0A /* en */ = {isa = PBXFileReference; lastKnownFileType = text.plist.strings; name = en; path = en.lproj/Localizable.strings; sourceTree = "<group>"; };
		43A4DB2D268161A700869C0A /* ko */ = {isa = PBXFileReference; lastKnownFileType = text.plist.strings; name = ko; path = ko.lproj/Localizable.strings; sourceTree = "<group>"; };
		43A4DB2E268161B700869C0A /* ja */ = {isa = PBXFileReference; lastKnownFileType = text.plist.strings; name = ja; path = ja.lproj/Localizable.strings; sourceTree = "<group>"; };
		43A4DB2F268162DA00869C0A /* zh-Hans */ = {isa = PBXFileReference; lastKnownFileType = text.plist.strings; name = "zh-Hans"; path = "zh-Hans.lproj/Localizable.strings"; sourceTree = "<group>"; };
/* End PBXFileReference section */

/* Begin PBXFrameworksBuildPhase section */
		4388B897267F263500F24384 /* Frameworks */ = {
			isa = PBXFrameworksBuildPhase;
			buildActionMask = 2147483647;
			files = (
				43A4DB1F268022BC00869C0A /* URLImage in Frameworks */,
				43A4DB1D268022BC00869C0A /* URLImageStore in Frameworks */,
			);
			runOnlyForDeploymentPostprocessing = 0;
		};
		4388B8A8267F263500F24384 /* Frameworks */ = {
			isa = PBXFrameworksBuildPhase;
			buildActionMask = 2147483647;
			files = (
			);
			runOnlyForDeploymentPostprocessing = 0;
		};
		4388B8B3267F263600F24384 /* Frameworks */ = {
			isa = PBXFrameworksBuildPhase;
			buildActionMask = 2147483647;
			files = (
			);
			runOnlyForDeploymentPostprocessing = 0;
		};
/* End PBXFrameworksBuildPhase section */

/* Begin PBXGroup section */
		4388B891267F263500F24384 = {
			isa = PBXGroup;
			children = (
				4388B89C267F263500F24384 /* News */,
				4388B8AE267F263500F24384 /* NewsTests */,
				4388B8B9267F263600F24384 /* NewsUITests */,
				4388B89B267F263500F24384 /* Products */,
			);
			sourceTree = "<group>";
		};
		4388B89B267F263500F24384 /* Products */ = {
			isa = PBXGroup;
			children = (
				4388B89A267F263500F24384 /* News.app */,
				4388B8AB267F263500F24384 /* NewsTests.xctest */,
				4388B8B6267F263600F24384 /* NewsUITests.xctest */,
			);
			name = Products;
			sourceTree = "<group>";
		};
		4388B89C267F263500F24384 /* News */ = {
			isa = PBXGroup;
			children = (
				4388B8A6267F263500F24384 /* Info.plist */,
				4388B89F267F263500F24384 /* ContentView.swift */,
				43A4DB202680392000869C0A /* GetImage.swift */,
				43A4DB17268011AB00869C0A /* NewsViewModel.swift */,
				4388B89D267F263500F24384 /* NewsApp.swift */,
				4388B8A1267F263500F24384 /* Assets.xcassets */,
				4388B8A3267F263500F24384 /* Preview Content */,
				43A4DB222680693200869C0A /* NewsModel.swift */,
				43A4DB2C2681614C00869C0A /* Localizable.strings */,
			);
			path = News;
			sourceTree = "<group>";
		};
		4388B8A3267F263500F24384 /* Preview Content */ = {
			isa = PBXGroup;
			children = (
				4388B8A4267F263500F24384 /* Preview Assets.xcassets */,
			);
			path = "Preview Content";
			sourceTree = "<group>";
		};
		4388B8AE267F263500F24384 /* NewsTests */ = {
			isa = PBXGroup;
			children = (
				4388B8AF267F263500F24384 /* NewsTests.swift */,
				4388B8B1267F263500F24384 /* Info.plist */,
			);
			path = NewsTests;
			sourceTree = "<group>";
		};
		4388B8B9267F263600F24384 /* NewsUITests */ = {
			isa = PBXGroup;
			children = (
				4388B8BA267F263600F24384 /* NewsUITests.swift */,
				4388B8BC267F263600F24384 /* Info.plist */,
			);
			path = NewsUITests;
			sourceTree = "<group>";
		};
/* End PBXGroup section */

/* Begin PBXNativeTarget section */
		4388B899267F263500F24384 /* News */ = {
			isa = PBXNativeTarget;
			buildConfigurationList = 4388B8BF267F263600F24384 /* Build configuration list for PBXNativeTarget "News" */;
			buildPhases = (
				4388B896267F263500F24384 /* Sources */,
				4388B897267F263500F24384 /* Frameworks */,
				4388B898267F263500F24384 /* Resources */,
			);
			buildRules = (
			);
			dependencies = (
			);
			name = News;
			packageProductDependencies = (
				43A4DB1C268022BC00869C0A /* URLImageStore */,
				43A4DB1E268022BC00869C0A /* URLImage */,
			);
			productName = News;
			productReference = 4388B89A267F263500F24384 /* News.app */;
			productType = "com.apple.product-type.application";
		};
		4388B8AA267F263500F24384 /* NewsTests */ = {
			isa = PBXNativeTarget;
			buildConfigurationList = 4388B8C2267F263600F24384 /* Build configuration list for PBXNativeTarget "NewsTests" */;
			buildPhases = (
				4388B8A7267F263500F24384 /* Sources */,
				4388B8A8267F263500F24384 /* Frameworks */,
				4388B8A9267F263500F24384 /* Resources */,
			);
			buildRules = (
			);
			dependencies = (
				4388B8AD267F263500F24384 /* PBXTargetDependency */,
			);
			name = NewsTests;
			productName = NewsTests;
			productReference = 4388B8AB267F263500F24384 /* NewsTests.xctest */;
			productType = "com.apple.product-type.bundle.unit-test";
		};
		4388B8B5267F263600F24384 /* NewsUITests */ = {
			isa = PBXNativeTarget;
			buildConfigurationList = 4388B8C5267F263600F24384 /* Build configuration list for PBXNativeTarget "NewsUITests" */;
			buildPhases = (
				4388B8B2267F263600F24384 /* Sources */,
				4388B8B3267F263600F24384 /* Frameworks */,
				4388B8B4267F263600F24384 /* Resources */,
			);
			buildRules = (
			);
			dependencies = (
				4388B8B8267F263600F24384 /* PBXTargetDependency */,
			);
			name = NewsUITests;
			productName = NewsUITests;
			productReference = 4388B8B6267F263600F24384 /* NewsUITests.xctest */;
			productType = "com.apple.product-type.bundle.ui-testing";
		};
/* End PBXNativeTarget section */

/* Begin PBXProject section */
		4388B892267F263500F24384 /* Project object */ = {
			isa = PBXProject;
			attributes = {
				LastSwiftUpdateCheck = 1250;
				LastUpgradeCheck = 1250;
				TargetAttributes = {
					4388B899267F263500F24384 = {
						CreatedOnToolsVersion = 12.5;
					};
					4388B8AA267F263500F24384 = {
						CreatedOnToolsVersion = 12.5;
						TestTargetID = 4388B899267F263500F24384;
					};
					4388B8B5267F263600F24384 = {
						CreatedOnToolsVersion = 12.5;
						TestTargetID = 4388B899267F263500F24384;
					};
				};
			};
			buildConfigurationList = 4388B895267F263500F24384 /* Build configuration list for PBXProject "News" */;
			compatibilityVersion = "Xcode 9.3";
			developmentRegion = en;
			hasScannedForEncodings = 0;
			knownRegions = (
				en,
				ko,
				ja,
				"zh-Hans",
				Base,
			);
			mainGroup = 4388B891267F263500F24384;
			packageReferences = (
				43A4DB1B268022BC00869C0A /* XCRemoteSwiftPackageReference "url-image" */,
			);
			productRefGroup = 4388B89B267F263500F24384 /* Products */;
			projectDirPath = "";
			projectRoot = "";
			targets = (
				4388B899267F263500F24384 /* News */,
				4388B8AA267F263500F24384 /* NewsTests */,
				4388B8B5267F263600F24384 /* NewsUITests */,
			);
		};
/* End PBXProject section */

/* Begin PBXResourcesBuildPhase section */
		4388B898267F263500F24384 /* Resources */ = {
			isa = PBXResourcesBuildPhase;
			buildActionMask = 2147483647;
			files = (
				4388B8A5267F263500F24384 /* Preview Assets.xcassets in Resources */,
				43A4DB2A2681614C00869C0A /* Localizable.strings in Resources */,
				4388B8A2267F263500F24384 /* Assets.xcassets in Resources */,
			);
			runOnlyForDeploymentPostprocessing = 0;
		};
		4388B8A9267F263500F24384 /* Resources */ = {
			isa = PBXResourcesBuildPhase;
			buildActionMask = 2147483647;
			files = (
			);
			runOnlyForDeploymentPostprocessing = 0;
		};
		4388B8B4267F263600F24384 /* Resources */ = {
			isa = PBXResourcesBuildPhase;
			buildActionMask = 2147483647;
			files = (
			);
			runOnlyForDeploymentPostprocessing = 0;
		};
/* End PBXResourcesBuildPhase section */

/* Begin PBXSourcesBuildPhase section */
		4388B896267F263500F24384 /* Sources */ = {
			isa = PBXSourcesBuildPhase;
			buildActionMask = 2147483647;
			files = (
				43A4DB212680392000869C0A /* GetImage.swift in Sources */,
				43A4DB18268011AB00869C0A /* NewsViewModel.swift in Sources */,
				4388B8A0267F263500F24384 /* ContentView.swift in Sources */,
				4388B89E267F263500F24384 /* NewsApp.swift in Sources */,
				43A4DB232680693200869C0A /* NewsModel.swift in Sources */,
			);
			runOnlyForDeploymentPostprocessing = 0;
		};
		4388B8A7267F263500F24384 /* Sources */ = {
			isa = PBXSourcesBuildPhase;
			buildActionMask = 2147483647;
			files = (
				4388B8B0267F263500F24384 /* NewsTests.swift in Sources */,
			);
			runOnlyForDeploymentPostprocessing = 0;
		};
		4388B8B2267F263600F24384 /* Sources */ = {
			isa = PBXSourcesBuildPhase;
			buildActionMask = 2147483647;
			files = (
				4388B8BB267F263600F24384 /* NewsUITests.swift in Sources */,
			);
			runOnlyForDeploymentPostprocessing = 0;
		};
/* End PBXSourcesBuildPhase section */

/* Begin PBXTargetDependency section */
		4388B8AD267F263500F24384 /* PBXTargetDependency */ = {
			isa = PBXTargetDependency;
			target = 4388B899267F263500F24384 /* News */;
			targetProxy = 4388B8AC267F263500F24384 /* PBXContainerItemProxy */;
		};
		4388B8B8267F263600F24384 /* PBXTargetDependency */ = {
			isa = PBXTargetDependency;
			target = 4388B899267F263500F24384 /* News */;
			targetProxy = 4388B8B7267F263600F24384 /* PBXContainerItemProxy */;
		};
/* End PBXTargetDependency section */

/* Begin PBXVariantGroup section */
		43A4DB2C2681614C00869C0A /* Localizable.strings */ = {
			isa = PBXVariantGroup;
			children = (
				43A4DB2B2681614C00869C0A /* en */,
				43A4DB2D268161A700869C0A /* ko */,
				43A4DB2E268161B700869C0A /* ja */,
				43A4DB2F268162DA00869C0A /* zh-Hans */,
			);
			name = Localizable.strings;
			sourceTree = "<group>";
		};
/* End PBXVariantGroup section */

/* Begin XCBuildConfiguration section */
		4388B8BD267F263600F24384 /* Debug */ = {
			isa = XCBuildConfiguration;
			buildSettings = {
				ALWAYS_SEARCH_USER_PATHS = NO;
				CLANG_ANALYZER_LOCALIZABILITY_NONLOCALIZED = YES;
				CLANG_ANALYZER_NONNULL = YES;
				CLANG_ANALYZER_NUMBER_OBJECT_CONVERSION = YES_AGGRESSIVE;
				CLANG_CXX_LANGUAGE_STANDARD = "gnu++14";
				CLANG_CXX_LIBRARY = "libc++";
				CLANG_ENABLE_MODULES = YES;
				CLANG_ENABLE_OBJC_ARC = YES;
				CLANG_ENABLE_OBJC_WEAK = YES;
				CLANG_WARN_BLOCK_CAPTURE_AUTORELEASING = YES;
				CLANG_WARN_BOOL_CONVERSION = YES;
				CLANG_WARN_COMMA = YES;
				CLANG_WARN_CONSTANT_CONVERSION = YES;
				CLANG_WARN_DEPRECATED_OBJC_IMPLEMENTATIONS = YES;
				CLANG_WARN_DIRECT_OBJC_ISA_USAGE = YES_ERROR;
				CLANG_WARN_DOCUMENTATION_COMMENTS = YES;
				CLANG_WARN_EMPTY_BODY = YES;
				CLANG_WARN_ENUM_CONVERSION = YES;
				CLANG_WARN_INFINITE_RECURSION = YES;
				CLANG_WARN_INT_CONVERSION = YES;
				CLANG_WARN_NON_LITERAL_NULL_CONVERSION = YES;
				CLANG_WARN_OBJC_IMPLICIT_RETAIN_SELF = YES;
				CLANG_WARN_OBJC_LITERAL_CONVERSION = YES;
				CLANG_WARN_OBJC_ROOT_CLASS = YES_ERROR;
				CLANG_WARN_QUOTED_INCLUDE_IN_FRAMEWORK_HEADER = YES;
				CLANG_WARN_RANGE_LOOP_ANALYSIS = YES;
				CLANG_WARN_STRICT_PROTOTYPES = YES;
				CLANG_WARN_SUSPICIOUS_MOVE = YES;
				CLANG_WARN_UNGUARDED_AVAILABILITY = YES_AGGRESSIVE;
				CLANG_WARN_UNREACHABLE_CODE = YES;
				CLANG_WARN__DUPLICATE_METHOD_MATCH = YES;
				COPY_PHASE_STRIP = NO;
				DEBUG_INFORMATION_FORMAT = dwarf;
				ENABLE_STRICT_OBJC_MSGSEND = YES;
				ENABLE_TESTABILITY = YES;
				GCC_C_LANGUAGE_STANDARD = gnu11;
				GCC_DYNAMIC_NO_PIC = NO;
				GCC_NO_COMMON_BLOCKS = YES;
				GCC_OPTIMIZATION_LEVEL = 0;
				GCC_PREPROCESSOR_DEFINITIONS = (
					"DEBUG=1",
					"$(inherited)",
				);
				GCC_WARN_64_TO_32_BIT_CONVERSION = YES;
				GCC_WARN_ABOUT_RETURN_TYPE = YES_ERROR;
				GCC_WARN_UNDECLARED_SELECTOR = YES;
				GCC_WARN_UNINITIALIZED_AUTOS = YES_AGGRESSIVE;
				GCC_WARN_UNUSED_FUNCTION = YES;
				GCC_WARN_UNUSED_VARIABLE = YES;
				IPHONEOS_DEPLOYMENT_TARGET = 14.5;
				MTL_ENABLE_DEBUG_INFO = INCLUDE_SOURCE;
				MTL_FAST_MATH = YES;
				ONLY_ACTIVE_ARCH = YES;
				SDKROOT = iphoneos;
				SWIFT_ACTIVE_COMPILATION_CONDITIONS = DEBUG;
				SWIFT_OPTIMIZATION_LEVEL = "-Onone";
			};
			name = Debug;
		};
		4388B8BE267F263600F24384 /* Release */ = {
			isa = XCBuildConfiguration;
			buildSettings = {
				ALWAYS_SEARCH_USER_PATHS = NO;
				CLANG_ANALYZER_LOCALIZABILITY_NONLOCALIZED = YES;
				CLANG_ANALYZER_NONNULL = YES;
				CLANG_ANALYZER_NUMBER_OBJECT_CONVERSION = YES_AGGRESSIVE;
				CLANG_CXX_LANGUAGE_STANDARD = "gnu++14";
				CLANG_CXX_LIBRARY = "libc++";
				CLANG_ENABLE_MODULES = YES;
				CLANG_ENABLE_OBJC_ARC = YES;
				CLANG_ENABLE_OBJC_WEAK = YES;
				CLANG_WARN_BLOCK_CAPTURE_AUTORELEASING = YES;
				CLANG_WARN_BOOL_CONVERSION = YES;
				CLANG_WARN_COMMA = YES;
				CLANG_WARN_CONSTANT_CONVERSION = YES;
				CLANG_WARN_DEPRECATED_OBJC_IMPLEMENTATIONS = YES;
				CLANG_WARN_DIRECT_OBJC_ISA_USAGE = YES_ERROR;
				CLANG_WARN_DOCUMENTATION_COMMENTS = YES;
				CLANG_WARN_EMPTY_BODY = YES;
				CLANG_WARN_ENUM_CONVERSION = YES;
				CLANG_WARN_INFINITE_RECURSION = YES;
				CLANG_WARN_INT_CONVERSION = YES;
				CLANG_WARN_NON_LITERAL_NULL_CONVERSION = YES;
				CLANG_WARN_OBJC_IMPLICIT_RETAIN_SELF = YES;
				CLANG_WARN_OBJC_LITERAL_CONVERSION = YES;
				CLANG_WARN_OBJC_ROOT_CLASS = YES_ERROR;
				CLANG_WARN_QUOTED_INCLUDE_IN_FRAMEWORK_HEADER = YES;
				CLANG_WARN_RANGE_LOOP_ANALYSIS = YES;
				CLANG_WARN_STRICT_PROTOTYPES = YES;
				CLANG_WARN_SUSPICIOUS_MOVE = YES;
				CLANG_WARN_UNGUARDED_AVAILABILITY = YES_AGGRESSIVE;
				CLANG_WARN_UNREACHABLE_CODE = YES;
				CLANG_WARN__DUPLICATE_METHOD_MATCH = YES;
				COPY_PHASE_STRIP = NO;
				DEBUG_INFORMATION_FORMAT = "dwarf-with-dsym";
				ENABLE_NS_ASSERTIONS = NO;
				ENABLE_STRICT_OBJC_MSGSEND = YES;
				GCC_C_LANGUAGE_STANDARD = gnu11;
				GCC_NO_COMMON_BLOCKS = YES;
				GCC_WARN_64_TO_32_BIT_CONVERSION = YES;
				GCC_WARN_ABOUT_RETURN_TYPE = YES_ERROR;
				GCC_WARN_UNDECLARED_SELECTOR = YES;
				GCC_WARN_UNINITIALIZED_AUTOS = YES_AGGRESSIVE;
				GCC_WARN_UNUSED_FUNCTION = YES;
				GCC_WARN_UNUSED_VARIABLE = YES;
				IPHONEOS_DEPLOYMENT_TARGET = 14.5;
				MTL_ENABLE_DEBUG_INFO = NO;
				MTL_FAST_MATH = YES;
				SDKROOT = iphoneos;
				SWIFT_COMPILATION_MODE = wholemodule;
				SWIFT_OPTIMIZATION_LEVEL = "-O";
				VALIDATE_PRODUCT = YES;
			};
			name = Release;
		};
		4388B8C0267F263600F24384 /* Debug */ = {
			isa = XCBuildConfiguration;
			buildSettings = {
				ASSETCATALOG_COMPILER_APPICON_NAME = AppIcon;
				ASSETCATALOG_COMPILER_GLOBAL_ACCENT_COLOR_NAME = AccentColor;
				CODE_SIGN_STYLE = Automatic;
				DEVELOPMENT_ASSET_PATHS = "\"News/Preview Content\"";
				DEVELOPMENT_TEAM = A58343K98Z;
				ENABLE_PREVIEWS = YES;
				INFOPLIST_FILE = News/Info.plist;
				IPHONEOS_DEPLOYMENT_TARGET = 14.0;
				LD_RUNPATH_SEARCH_PATHS = (
					"$(inherited)",
					"@executable_path/Frameworks",
				);
				PRODUCT_BUNDLE_IDENTIFIER = com.jihyun.News;
				PRODUCT_NAME = "$(TARGET_NAME)";
				SWIFT_VERSION = 5.0;
				TARGETED_DEVICE_FAMILY = "1,2";
			};
			name = Debug;
		};
		4388B8C1267F263600F24384 /* Release */ = {
			isa = XCBuildConfiguration;
			buildSettings = {
				ASSETCATALOG_COMPILER_APPICON_NAME = AppIcon;
				ASSETCATALOG_COMPILER_GLOBAL_ACCENT_COLOR_NAME = AccentColor;
				CODE_SIGN_STYLE = Automatic;
				DEVELOPMENT_ASSET_PATHS = "\"News/Preview Content\"";
				DEVELOPMENT_TEAM = A58343K98Z;
				ENABLE_PREVIEWS = YES;
				INFOPLIST_FILE = News/Info.plist;
				IPHONEOS_DEPLOYMENT_TARGET = 14.0;
				LD_RUNPATH_SEARCH_PATHS = (
					"$(inherited)",
					"@executable_path/Frameworks",
				);
				PRODUCT_BUNDLE_IDENTIFIER = com.jihyun.News;
				PRODUCT_NAME = "$(TARGET_NAME)";
				SWIFT_VERSION = 5.0;
				TARGETED_DEVICE_FAMILY = "1,2";
			};
			name = Release;
		};
		4388B8C3267F263600F24384 /* Debug */ = {
			isa = XCBuildConfiguration;
			buildSettings = {
				ALWAYS_EMBED_SWIFT_STANDARD_LIBRARIES = YES;
				BUNDLE_LOADER = "$(TEST_HOST)";
				CODE_SIGN_STYLE = Automatic;
				DEVELOPMENT_TEAM = A58343K98Z;
				INFOPLIST_FILE = NewsTests/Info.plist;
				IPHONEOS_DEPLOYMENT_TARGET = 14.0;
				LD_RUNPATH_SEARCH_PATHS = (
					"$(inherited)",
					"@executable_path/Frameworks",
					"@loader_path/Frameworks",
				);
				PRODUCT_BUNDLE_IDENTIFIER = com.jihyun.NewsTests;
				PRODUCT_NAME = "$(TARGET_NAME)";
				SWIFT_VERSION = 5.0;
				TARGETED_DEVICE_FAMILY = "1,2";
				TEST_HOST = "$(BUILT_PRODUCTS_DIR)/News.app/News";
			};
			name = Debug;
		};
		4388B8C4267F263600F24384 /* Release */ = {
			isa = XCBuildConfiguration;
			buildSettings = {
				ALWAYS_EMBED_SWIFT_STANDARD_LIBRARIES = YES;
				BUNDLE_LOADER = "$(TEST_HOST)";
				CODE_SIGN_STYLE = Automatic;
				DEVELOPMENT_TEAM = A58343K98Z;
				INFOPLIST_FILE = NewsTests/Info.plist;
				IPHONEOS_DEPLOYMENT_TARGET = 14.0;
				LD_RUNPATH_SEARCH_PATHS = (
					"$(inherited)",
					"@executable_path/Frameworks",
					"@loader_path/Frameworks",
				);
				PRODUCT_BUNDLE_IDENTIFIER = com.jihyun.NewsTests;
				PRODUCT_NAME = "$(TARGET_NAME)";
				SWIFT_VERSION = 5.0;
				TARGETED_DEVICE_FAMILY = "1,2";
				TEST_HOST = "$(BUILT_PRODUCTS_DIR)/News.app/News";
			};
			name = Release;
		};
		4388B8C6267F263600F24384 /* Debug */ = {
			isa = XCBuildConfiguration;
			buildSettings = {
				ALWAYS_EMBED_SWIFT_STANDARD_LIBRARIES = YES;
				CODE_SIGN_STYLE = Automatic;
				DEVELOPMENT_TEAM = A58343K98Z;
				INFOPLIST_FILE = NewsUITests/Info.plist;
				LD_RUNPATH_SEARCH_PATHS = (
					"$(inherited)",
					"@executable_path/Frameworks",
					"@loader_path/Frameworks",
				);
				PRODUCT_BUNDLE_IDENTIFIER = com.jihyun.NewsUITests;
				PRODUCT_NAME = "$(TARGET_NAME)";
				SWIFT_VERSION = 5.0;
				TARGETED_DEVICE_FAMILY = "1,2";
				TEST_TARGET_NAME = News;
			};
			name = Debug;
		};
		4388B8C7267F263600F24384 /* Release */ = {
			isa = XCBuildConfiguration;
			buildSettings = {
				ALWAYS_EMBED_SWIFT_STANDARD_LIBRARIES = YES;
				CODE_SIGN_STYLE = Automatic;
				DEVELOPMENT_TEAM = A58343K98Z;
				INFOPLIST_FILE = NewsUITests/Info.plist;
				LD_RUNPATH_SEARCH_PATHS = (
					"$(inherited)",
					"@executable_path/Frameworks",
					"@loader_path/Frameworks",
				);
				PRODUCT_BUNDLE_IDENTIFIER = com.jihyun.NewsUITests;
				PRODUCT_NAME = "$(TARGET_NAME)";
				SWIFT_VERSION = 5.0;
				TARGETED_DEVICE_FAMILY = "1,2";
				TEST_TARGET_NAME = News;
			};
			name = Release;
		};
/* End XCBuildConfiguration section */

/* Begin XCConfigurationList section */
		4388B895267F263500F24384 /* Build configuration list for PBXProject "News" */ = {
			isa = XCConfigurationList;
			buildConfigurations = (
				4388B8BD267F263600F24384 /* Debug */,
				4388B8BE267F263600F24384 /* Release */,
			);
			defaultConfigurationIsVisible = 0;
			defaultConfigurationName = Release;
		};
		4388B8BF267F263600F24384 /* Build configuration list for PBXNativeTarget "News" */ = {
			isa = XCConfigurationList;
			buildConfigurations = (
				4388B8C0267F263600F24384 /* Debug */,
				4388B8C1267F263600F24384 /* Release */,
			);
			defaultConfigurationIsVisible = 0;
			defaultConfigurationName = Release;
		};
		4388B8C2267F263600F24384 /* Build configuration list for PBXNativeTarget "NewsTests" */ = {
			isa = XCConfigurationList;
			buildConfigurations = (
				4388B8C3267F263600F24384 /* Debug */,
				4388B8C4267F263600F24384 /* Release */,
			);
			defaultConfigurationIsVisible = 0;
			defaultConfigurationName = Release;
		};
		4388B8C5267F263600F24384 /* Build configuration list for PBXNativeTarget "NewsUITests" */ = {
			isa = XCConfigurationList;
			buildConfigurations = (
				4388B8C6267F263600F24384 /* Debug */,
				4388B8C7267F263600F24384 /* Release */,
			);
			defaultConfigurationIsVisible = 0;
			defaultConfigurationName = Release;
		};
/* End XCConfigurationList section */

/* Begin XCRemoteSwiftPackageReference section */
		43A4DB1B268022BC00869C0A /* XCRemoteSwiftPackageReference "url-image" */ = {
			isa = XCRemoteSwiftPackageReference;
			repositoryURL = "https://github.com/dmytro-anokhin/url-image";
			requirement = {
				kind = upToNextMajorVersion;
				minimumVersion = 3.1.0;
			};
		};
/* End XCRemoteSwiftPackageReference section */

/* Begin XCSwiftPackageProductDependency section */
		43A4DB1C268022BC00869C0A /* URLImageStore */ = {
			isa = XCSwiftPackageProductDependency;
			package = 43A4DB1B268022BC00869C0A /* XCRemoteSwiftPackageReference "url-image" */;
			productName = URLImageStore;
		};
		43A4DB1E268022BC00869C0A /* URLImage */ = {
			isa = XCSwiftPackageProductDependency;
			package = 43A4DB1B268022BC00869C0A /* XCRemoteSwiftPackageReference "url-image" */;
			productName = URLImage;
		};
/* End XCSwiftPackageProductDependency section */
	};
	rootObject = 4388B892267F263500F24384 /* Project object */;
}
